// !$*UTF8*$!
{
	archiveVersion = 1;
	classes = {
	};
	objectVersion = 77;
	objects = {

/* Begin PBXBuildFile section */
		04325CE32F5441C700F7D35C /* AuthCoordinator.swift in Sources */ = {isa = PBXBuildFile; fileRef = 04325CE22F5441C600F7D35C /* AuthCoordinator.swift */; };
		04325CE52F5441D300F7D35C /* ChatCoordinator.swift in Sources */ = {isa = PBXBuildFile; fileRef = 04325CE42F5441D200F7D35C /* ChatCoordinator.swift */; };
		04325CE72F5441DB00F7D35C /* ProfileCoordinator.swift in Sources */ = {isa = PBXBuildFile; fileRef = 04325CE62F5441DA00F7D35C /* ProfileCoordinator.swift */; };
		04325CE92F5441E200F7D35C /* MainTabBarCoordinator.swift in Sources */ = {isa = PBXBuildFile; fileRef = 04325CE82F5441E200F7D35C /* MainTabBarCoordinator.swift */; };
		04325CEB2F5441EA00F7D35C /* AppCoordinator.swift in Sources */ = {isa = PBXBuildFile; fileRef = 04325CEA2F5441E900F7D35C /* AppCoordinator.swift */; };
		04325CED2F54427D00F7D35C /* LoginViewModel.swift in Sources */ = {isa = PBXBuildFile; fileRef = 04325CEC2F54427D00F7D35C /* LoginViewModel.swift */; };
		04C9B98B2F53FB4A00D427FA /* FirebaseAnalytics in Frameworks */ = {isa = PBXBuildFile; productRef = 04C9B98A2F53FB4A00D427FA /* FirebaseAnalytics */; };
		04C9B98D2F53FB4A00D427FA /* FirebaseAuth in Frameworks */ = {isa = PBXBuildFile; productRef = 04C9B98C2F53FB4A00D427FA /* FirebaseAuth */; };
		04C9B98F2F53FB4A00D427FA /* FirebaseDatabase in Frameworks */ = {isa = PBXBuildFile; productRef = 04C9B98E2F53FB4A00D427FA /* FirebaseDatabase */; };
		04C9B9912F53FB4A00D427FA /* FirebaseFirestore in Frameworks */ = {isa = PBXBuildFile; productRef = 04C9B9902F53FB4A00D427FA /* FirebaseFirestore */; };
		04C9B9932F53FB4A00D427FA /* FirebaseRemoteConfig in Frameworks */ = {isa = PBXBuildFile; productRef = 04C9B9922F53FB4A00D427FA /* FirebaseRemoteConfig */; };
		04C9B9952F53FB4A00D427FA /* FirebaseStorage in Frameworks */ = {isa = PBXBuildFile; productRef = 04C9B9942F53FB4A00D427FA /* FirebaseStorage */; };
		04C9B9B12F53FE6800D427FA /* AppDelegate.swift in Sources */ = {isa = PBXBuildFile; fileRef = 04C9B9A82F53FE6800D427FA /* AppDelegate.swift */; };
		04C9B9B22F53FE6800D427FA /* SceneDelegate.swift in Sources */ = {isa = PBXBuildFile; fileRef = 04C9B9AE2F53FE6800D427FA /* SceneDelegate.swift */; };
		04C9B9B42F53FE6800D427FA /* GoogleSansCode-Bold.ttf in Resources */ = {isa = PBXBuildFile; fileRef = 04C9B9A22F53FE6800D427FA /* GoogleSansCode-Bold.ttf */; };
		04C9B9B52F53FE6800D427FA /* GoogleSansCode-Light.ttf in Resources */ = {isa = PBXBuildFile; fileRef = 04C9B9A32F53FE6800D427FA /* GoogleSansCode-Light.ttf */; };
		04C9B9B62F53FE6800D427FA /* GoogleSansCode-Medium.ttf in Resources */ = {isa = PBXBuildFile; fileRef = 04C9B9A42F53FE6800D427FA /* GoogleSansCode-Medium.ttf */; };
		04C9B9B72F53FE6800D427FA /* GoogleSansCode-Regular.ttf in Resources */ = {isa = PBXBuildFile; fileRef = 04C9B9A52F53FE6800D427FA /* GoogleSansCode-Regular.ttf */; };
		04C9B9B82F53FE6800D427FA /* GoogleSansCode-SemiBold.ttf in Resources */ = {isa = PBXBuildFile; fileRef = 04C9B9A62F53FE6800D427FA /* GoogleSansCode-SemiBold.ttf */; };
		04C9B9B92F53FE6800D427FA /* Assets.xcassets in Resources */ = {isa = PBXBuildFile; fileRef = 04C9B9A92F53FE6800D427FA /* Assets.xcassets */; };
		04C9B9BC2F53FE6800D427FA /* LaunchScreen.storyboard in Resources */ = {isa = PBXBuildFile; fileRef = 04C9B9AD2F53FE6800D427FA /* LaunchScreen.storyboard */; };
		04C9B9CB2F54011A00D427FA /* AppFont.swift in Sources */ = {isa = PBXBuildFile; fileRef = 04C9B9CA2F54011A00D427FA /* AppFont.swift */; };
		04C9B9CD2F54012500D427FA /* AppColor.swift in Sources */ = {isa = PBXBuildFile; fileRef = 04C9B9CC2F54012400D427FA /* AppColor.swift */; };
		04C9B9DA2F54040000D427FA /* LoginViewController.swift in Sources */ = {isa = PBXBuildFile; fileRef = 04C9B9D92F54040000D427FA /* LoginViewController.swift */; };
		04C9B9DC2F54065600D427FA /* UITextField+Ext.swift in Sources */ = {isa = PBXBuildFile; fileRef = 04C9B9DB2F54065500D427FA /* UITextField+Ext.swift */; };
		04C9B9E02F540C9B00D427FA /* GoogleService-Info.plist in Resources */ = {isa = PBXBuildFile; fileRef = 04C9B9DF2F540C9B00D427FA /* GoogleService-Info.plist */; };
		04C9B9E22F54164D00D427FA /* AlertManager.swift in Sources */ = {isa = PBXBuildFile; fileRef = 04C9B9E12F54164600D427FA /* AlertManager.swift */; };
/* End PBXBuildFile section */

/* Begin PBXFileReference section */
		04325CE22F5441C600F7D35C /* AuthCoordinator.swift */ = {isa = PBXFileReference; lastKnownFileType = sourcecode.swift; path = AuthCoordinator.swift; sourceTree = "<group>"; };
		04325CE42F5441D200F7D35C /* ChatCoordinator.swift */ = {isa = PBXFileReference; lastKnownFileType = sourcecode.swift; path = ChatCoordinator.swift; sourceTree = "<group>"; };
		04325CE62F5441DA00F7D35C /* ProfileCoordinator.swift */ = {isa = PBXFileReference; lastKnownFileType = sourcecode.swift; path = ProfileCoordinator.swift; sourceTree = "<group>"; };
		04325CE82F5441E200F7D35C /* MainTabBarCoordinator.swift */ = {isa = PBXFileReference; lastKnownFileType = sourcecode.swift; path = MainTabBarCoordinator.swift; sourceTree = "<group>"; };
		04325CEA2F5441E900F7D35C /* AppCoordinator.swift */ = {isa = PBXFileReference; lastKnownFileType = sourcecode.swift; path = AppCoordinator.swift; sourceTree = "<group>"; };
		04325CEC2F54427D00F7D35C /* LoginViewModel.swift */ = {isa = PBXFileReference; lastKnownFileType = sourcecode.swift; path = LoginViewModel.swift; sourceTree = "<group>"; };
		04C9B96F2F53F87500D427FA /* HarshChatApp.app */ = {isa = PBXFileReference; explicitFileType = wrapper.application; includeInIndex = 0; path = HarshChatApp.app; sourceTree = BUILT_PRODUCTS_DIR; };
		04C9B9A22F53FE6800D427FA /* GoogleSansCode-Bold.ttf */ = {isa = PBXFileReference; lastKnownFileType = file; path = "GoogleSansCode-Bold.ttf"; sourceTree = "<group>"; };
		04C9B9A32F53FE6800D427FA /* GoogleSansCode-Light.ttf */ = {isa = PBXFileReference; lastKnownFileType = file; path = "GoogleSansCode-Light.ttf"; sourceTree = "<group>"; };
		04C9B9A42F53FE6800D427FA /* GoogleSansCode-Medium.ttf */ = {isa = PBXFileReference; lastKnownFileType = file; path = "GoogleSansCode-Medium.ttf"; sourceTree = "<group>"; };
		04C9B9A52F53FE6800D427FA /* GoogleSansCode-Regular.ttf */ = {isa = PBXFileReference; lastKnownFileType = file; path = "GoogleSansCode-Regular.ttf"; sourceTree = "<group>"; };
		04C9B9A62F53FE6800D427FA /* GoogleSansCode-SemiBold.ttf */ = {isa = PBXFileReference; lastKnownFileType = file; path = "GoogleSansCode-SemiBold.ttf"; sourceTree = "<group>"; };
		04C9B9A82F53FE6800D427FA /* AppDelegate.swift */ = {isa = PBXFileReference; lastKnownFileType = sourcecode.swift; path = AppDelegate.swift; sourceTree = "<group>"; };
		04C9B9A92F53FE6800D427FA /* Assets.xcassets */ = {isa = PBXFileReference; lastKnownFileType = folder.assetcatalog; path = Assets.xcassets; sourceTree = "<group>"; };
		04C9B9AB2F53FE6800D427FA /* Info.plist */ = {isa = PBXFileReference; lastKnownFileType = text.plist.xml; path = Info.plist; sourceTree = "<group>"; };
		04C9B9AC2F53FE6800D427FA /* Base */ = {isa = PBXFileReference; lastKnownFileType = file.storyboard; name = Base; path = Base.lproj/LaunchScreen.storyboard; sourceTree = "<group>"; };
		04C9B9AE2F53FE6800D427FA /* SceneDelegate.swift */ = {isa = PBXFileReference; lastKnownFileType = sourcecode.swift; path = SceneDelegate.swift; sourceTree = "<group>"; };
		04C9B9CA2F54011A00D427FA /* AppFont.swift */ = {isa = PBXFileReference; lastKnownFileType = sourcecode.swift; path = AppFont.swift; sourceTree = "<group>"; };
		04C9B9CC2F54012400D427FA /* AppColor.swift */ = {isa = PBXFileReference; lastKnownFileType = sourcecode.swift; path = AppColor.swift; sourceTree = "<group>"; };
		04C9B9D92F54040000D427FA /* LoginViewController.swift */ = {isa = PBXFileReference; lastKnownFileType = sourcecode.swift; path = LoginViewController.swift; sourceTree = "<group>"; };
		04C9B9DB2F54065500D427FA /* UITextField+Ext.swift */ = {isa = PBXFileReference; lastKnownFileType = sourcecode.swift; path = "UITextField+Ext.swift"; sourceTree = "<group>"; };
		04C9B9DF2F540C9B00D427FA /* GoogleService-Info.plist */ = {isa = PBXFileReference; lastKnownFileType = text.plist.xml; path = "GoogleService-Info.plist"; sourceTree = "<group>"; };
		04C9B9E12F54164600D427FA /* AlertManager.swift */ = {isa = PBXFileReference; lastKnownFileType = sourcecode.swift; path = AlertManager.swift; sourceTree = "<group>"; };
/* End PBXFileReference section */

/* Begin PBXFrameworksBuildPhase section */
		04C9B96C2F53F87500D427FA /* Frameworks */ = {
			isa = PBXFrameworksBuildPhase;
			buildActionMask = 2147483647;
			files = (
				04C9B98F2F53FB4A00D427FA /* FirebaseDatabase in Frameworks */,
				04C9B9912F53FB4A00D427FA /* FirebaseFirestore in Frameworks */,
				04C9B98B2F53FB4A00D427FA /* FirebaseAnalytics in Frameworks */,
				04C9B98D2F53FB4A00D427FA /* FirebaseAuth in Frameworks */,
				04C9B9932F53FB4A00D427FA /* FirebaseRemoteConfig in Frameworks */,
				04C9B9952F53FB4A00D427FA /* FirebaseStorage in Frameworks */,
			);
			runOnlyForDeploymentPostprocessing = 0;
		};
/* End PBXFrameworksBuildPhase section */

/* Begin PBXGroup section */
		04325CE12F5441BD00F7D35C /* Coordinators */ = {
			isa = PBXGroup;
			children = (
				04325CEA2F5441E900F7D35C /* AppCoordinator.swift */,
				04325CE82F5441E200F7D35C /* MainTabBarCoordinator.swift */,
				04325CE62F5441DA00F7D35C /* ProfileCoordinator.swift */,
				04325CE42F5441D200F7D35C /* ChatCoordinator.swift */,
				04325CE22F5441C600F7D35C /* AuthCoordinator.swift */,
			);
			path = Coordinators;
			sourceTree = "<group>";
		};
		04C9B9662F53F87500D427FA = {
			isa = PBXGroup;
			children = (
				04C9B9B02F53FE6800D427FA /* HarshChatApp */,
				04C9B9702F53F87500D427FA /* Products */,
			);
			sourceTree = "<group>";
		};
		04C9B9702F53F87500D427FA /* Products */ = {
			isa = PBXGroup;
			children = (
				04C9B96F2F53F87500D427FA /* HarshChatApp.app */,
			);
			name = Products;
			sourceTree = "<group>";
		};
		04C9B9A72F53FE6800D427FA /* Fonts */ = {
			isa = PBXGroup;
			children = (
				04C9B9A22F53FE6800D427FA /* GoogleSansCode-Bold.ttf */,
				04C9B9A32F53FE6800D427FA /* GoogleSansCode-Light.ttf */,
				04C9B9A42F53FE6800D427FA /* GoogleSansCode-Medium.ttf */,
				04C9B9A52F53FE6800D427FA /* GoogleSansCode-Regular.ttf */,
				04C9B9A62F53FE6800D427FA /* GoogleSansCode-SemiBold.ttf */,
			);
			path = Fonts;
			sourceTree = "<group>";
		};
		04C9B9B02F53FE6800D427FA /* HarshChatApp */ = {
			isa = PBXGroup;
			children = (
				04325CE12F5441BD00F7D35C /* Coordinators */,
				04C9B9D02F54016000D427FA /* Models */,
				04C9B9CF2F54015800D427FA /* Modules */,
				04C9B9CE2F54015300D427FA /* Managers */,
				04C9B9C62F5400BD00D427FA /* Core */,
				04C9B9C32F5400A600D427FA /* Application */,
				04C9B9A72F53FE6800D427FA /* Fonts */,
				04C9B9A92F53FE6800D427FA /* Assets.xcassets */,
				04C9B9AB2F53FE6800D427FA /* Info.plist */,
				04C9B9DF2F540C9B00D427FA /* GoogleService-Info.plist */,
				04C9B9AD2F53FE6800D427FA /* LaunchScreen.storyboard */,
			);
			path = HarshChatApp;
			sourceTree = "<group>";
		};
		04C9B9C32F5400A600D427FA /* Application */ = {
			isa = PBXGroup;
			children = (
				04C9B9A82F53FE6800D427FA /* AppDelegate.swift */,
				04C9B9AE2F53FE6800D427FA /* SceneDelegate.swift */,
			);
			path = Application;
			sourceTree = "<group>";
		};
		04C9B9C62F5400BD00D427FA /* Core */ = {
			isa = PBXGroup;
			children = (
				04C9B9C92F5400CF00D427FA /* Extensions */,
				04C9B9C82F5400C900D427FA /* Constants */,
				04C9B9C72F5400C300D427FA /* Theme */,
			);
			path = Core;
			sourceTree = "<group>";
		};
		04C9B9C72F5400C300D427FA /* Theme */ = {
			isa = PBXGroup;
			children = (
				04C9B9CC2F54012400D427FA /* AppColor.swift */,
				04C9B9CA2F54011A00D427FA /* AppFont.swift */,
			);
			path = Theme;
			sourceTree = "<group>";
		};
		04C9B9C82F5400C900D427FA /* Constants */ = {
			isa = PBXGroup;
			children = (
			);
			path = Constants;
			sourceTree = "<group>";
		};
		04C9B9C92F5400CF00D427FA /* Extensions */ = {
			isa = PBXGroup;
			children = (
				04C9B9DB2F54065500D427FA /* UITextField+Ext.swift */,
			);
			path = Extensions;
			sourceTree = "<group>";
		};
		04C9B9CE2F54015300D427FA /* Managers */ = {
			isa = PBXGroup;
			children = (
				04C9B9E12F54164600D427FA /* AlertManager.swift */,
			);
			path = Managers;
			sourceTree = "<group>";
		};
		04C9B9CF2F54015800D427FA /* Modules */ = {
			isa = PBXGroup;
			children = (
				04C9B9D12F54030400D427FA /* Auth */,
			);
			path = Modules;
			sourceTree = "<group>";
		};
		04C9B9D02F54016000D427FA /* Models */ = {
			isa = PBXGroup;
			children = (
			);
			path = Models;
			sourceTree = "<group>";
		};
		04C9B9D12F54030400D427FA /* Auth */ = {
			isa = PBXGroup;
			children = (
				04C9B9D92F54040000D427FA /* LoginViewController.swift */,
				04325CEC2F54427D00F7D35C /* LoginViewModel.swift */,
			);
			path = Auth;
			sourceTree = "<group>";
		};
/* End PBXGroup section */

/* Begin PBXNativeTarget section */
		04C9B96E2F53F87500D427FA /* HarshChatApp */ = {
			isa = PBXNativeTarget;
			buildConfigurationList = 04C9B9822F53F87500D427FA /* Build configuration list for PBXNativeTarget "HarshChatApp" */;
			buildPhases = (
				04C9B96B2F53F87500D427FA /* Sources */,
				04C9B96C2F53F87500D427FA /* Frameworks */,
				04C9B96D2F53F87500D427FA /* Resources */,
			);
			buildRules = (
			);
			dependencies = (
			);
			name = HarshChatApp;
			packageProductDependencies = (
				04C9B98A2F53FB4A00D427FA /* FirebaseAnalytics */,
				04C9B98C2F53FB4A00D427FA /* FirebaseAuth */,
				04C9B98E2F53FB4A00D427FA /* FirebaseDatabase */,
				04C9B9902F53FB4A00D427FA /* FirebaseFirestore */,
				04C9B9922F53FB4A00D427FA /* FirebaseRemoteConfig */,
				04C9B9942F53FB4A00D427FA /* FirebaseStorage */,
			);
			productName = HarshChatApp;
			productReference = 04C9B96F2F53F87500D427FA /* HarshChatApp.app */;
			productType = "com.apple.product-type.application";
		};
/* End PBXNativeTarget section */

/* Begin PBXProject section */
		04C9B9672F53F87500D427FA /* Project object */ = {
			isa = PBXProject;
			attributes = {
				BuildIndependentTargetsInParallel = 1;
				LastSwiftUpdateCheck = 2630;
				LastUpgradeCheck = 2630;
				TargetAttributes = {
					04C9B96E2F53F87500D427FA = {
						CreatedOnToolsVersion = 26.3;
					};
				};
			};
			buildConfigurationList = 04C9B96A2F53F87500D427FA /* Build configuration list for PBXProject "HarshChatApp" */;
			developmentRegion = en;
			hasScannedForEncodings = 0;
			knownRegions = (
				en,
				Base,
			);
			mainGroup = 04C9B9662F53F87500D427FA;
			minimizedProjectReferenceProxies = 1;
			packageReferences = (
				04C9B9892F53FB4A00D427FA /* XCRemoteSwiftPackageReference "firebase-ios-sdk" */,
			);
			preferredProjectObjectVersion = 77;
			productRefGroup = 04C9B9702F53F87500D427FA /* Products */;
			projectDirPath = "";
			projectRoot = "";
			targets = (
				04C9B96E2F53F87500D427FA /* HarshChatApp */,
			);
		};
/* End PBXProject section */

/* Begin PBXResourcesBuildPhase section */
		04C9B96D2F53F87500D427FA /* Resources */ = {
			isa = PBXResourcesBuildPhase;
			buildActionMask = 2147483647;
			files = (
				04C9B9B42F53FE6800D427FA /* GoogleSansCode-Bold.ttf in Resources */,
				04C9B9E02F540C9B00D427FA /* GoogleService-Info.plist in Resources */,
				04C9B9B52F53FE6800D427FA /* GoogleSansCode-Light.ttf in Resources */,
				04C9B9B62F53FE6800D427FA /* GoogleSansCode-Medium.ttf in Resources */,
				04C9B9B72F53FE6800D427FA /* GoogleSansCode-Regular.ttf in Resources */,
				04C9B9B82F53FE6800D427FA /* GoogleSansCode-SemiBold.ttf in Resources */,
				04C9B9B92F53FE6800D427FA /* Assets.xcassets in Resources */,
				04C9B9BC2F53FE6800D427FA /* LaunchScreen.storyboard in Resources */,
			);
			runOnlyForDeploymentPostprocessing = 0;
		};
/* End PBXResourcesBuildPhase section */

/* Begin PBXSourcesBuildPhase section */
		04C9B96B2F53F87500D427FA /* Sources */ = {
			isa = PBXSourcesBuildPhase;
			buildActionMask = 2147483647;
			files = (
				04325CE32F5441C700F7D35C /* AuthCoordinator.swift in Sources */,
				04325CE52F5441D300F7D35C /* ChatCoordinator.swift in Sources */,
				04C9B9DC2F54065600D427FA /* UITextField+Ext.swift in Sources */,
				04325CE72F5441DB00F7D35C /* ProfileCoordinator.swift in Sources */,
				04C9B9E22F54164D00D427FA /* AlertManager.swift in Sources */,
				04325CED2F54427D00F7D35C /* LoginViewModel.swift in Sources */,
				04325CEB2F5441EA00F7D35C /* AppCoordinator.swift in Sources */,
				04C9B9CB2F54011A00D427FA /* AppFont.swift in Sources */,
				04C9B9B12F53FE6800D427FA /* AppDelegate.swift in Sources */,
				04C9B9DA2F54040000D427FA /* LoginViewController.swift in Sources */,
				04C9B9B22F53FE6800D427FA /* SceneDelegate.swift in Sources */,
				04325CE92F5441E200F7D35C /* MainTabBarCoordinator.swift in Sources */,
				04C9B9CD2F54012500D427FA /* AppColor.swift in Sources */,
			);
			runOnlyForDeploymentPostprocessing = 0;
		};
/* End PBXSourcesBuildPhase section */

/* Begin PBXVariantGroup section */
		04C9B9AD2F53FE6800D427FA /* LaunchScreen.storyboard */ = {
			isa = PBXVariantGroup;
			children = (
				04C9B9AC2F53FE6800D427FA /* Base */,
			);
			name = LaunchScreen.storyboard;
			sourceTree = "<group>";
		};
/* End PBXVariantGroup section */

/* Begin XCBuildConfiguration section */
		04C9B9832F53F87500D427FA /* Debug */ = {
			isa = XCBuildConfiguration;
			buildSettings = {
				ASSETCATALOG_COMPILER_APPICON_NAME = AppIcon;
				ASSETCATALOG_COMPILER_GLOBAL_ACCENT_COLOR_NAME = AccentColor;
				CODE_SIGN_STYLE = Automatic;
				CURRENT_PROJECT_VERSION = 1;
				DEVELOPMENT_TEAM = 87M7TK5K4U;
				GENERATE_INFOPLIST_FILE = YES;
				INFOPLIST_FILE = HarshChatApp/Info.plist;
				INFOPLIST_KEY_UIApplicationSupportsIndirectInputEvents = YES;
				INFOPLIST_KEY_UILaunchStoryboardName = "";
				INFOPLIST_KEY_UIStatusBarStyle = "";
				INFOPLIST_KEY_UISupportedInterfaceOrientations = UIInterfaceOrientationPortrait;
				LD_RUNPATH_SEARCH_PATHS = (
					"$(inherited)",
					"@executable_path/Frameworks",
				);
				MARKETING_VERSION = 1.0;
				PRODUCT_BUNDLE_IDENTIFIER = com.iHarsh1008.HarshChatApp;
				PRODUCT_NAME = "$(TARGET_NAME)";
				STRING_CATALOG_GENERATE_SYMBOLS = YES;
				SWIFT_APPROACHABLE_CONCURRENCY = YES;
				SWIFT_DEFAULT_ACTOR_ISOLATION = nonisolated;
				SWIFT_EMIT_LOC_STRINGS = YES;
				SWIFT_UPCOMING_FEATURE_MEMBER_IMPORT_VISIBILITY = YES;
				SWIFT_VERSION = 5.0;
				TARGETED_DEVICE_FAMILY = "1,2";
			};
			name = Debug;
		};
		04C9B9842F53F87500D427FA /* Release */ = {
			isa = XCBuildConfiguration;
			buildSettings = {
				ASSETCATALOG_COMPILER_APPICON_NAME = AppIcon;
				ASSETCATALOG_COMPILER_GLOBAL_ACCENT_COLOR_NAME = AccentColor;
				CODE_SIGN_STYLE = Automatic;
				CURRENT_PROJECT_VERSION = 1;
				DEVELOPMENT_TEAM = 87M7TK5K4U;
				GENERATE_INFOPLIST_FILE = YES;
				INFOPLIST_FILE = HarshChatApp/Info.plist;
				INFOPLIST_KEY_UIApplicationSupportsIndirectInputEvents = YES;
				INFOPLIST_KEY_UILaunchStoryboardName = "";
				INFOPLIST_KEY_UIStatusBarStyle = "";
				INFOPLIST_KEY_UISupportedInterfaceOrientations = UIInterfaceOrientationPortrait;
				LD_RUNPATH_SEARCH_PATHS = (
					"$(inherited)",
					"@executable_path/Frameworks",
				);
				MARKETING_VERSION = 1.0;
				PRODUCT_BUNDLE_IDENTIFIER = com.iHarsh1008.HarshChatApp;
				PRODUCT_NAME = "$(TARGET_NAME)";
				STRING_CATALOG_GENERATE_SYMBOLS = YES;
				SWIFT_APPROACHABLE_CONCURRENCY = YES;
				SWIFT_DEFAULT_ACTOR_ISOLATION = nonisolated;
				SWIFT_EMIT_LOC_STRINGS = YES;
				SWIFT_UPCOMING_FEATURE_MEMBER_IMPORT_VISIBILITY = YES;
				SWIFT_VERSION = 5.0;
				TARGETED_DEVICE_FAMILY = "1,2";
			};
			name = Release;
		};
		04C9B9852F53F87500D427FA /* Debug */ = {
			isa = XCBuildConfiguration;
			buildSettings = {
				ALWAYS_SEARCH_USER_PATHS = NO;
				ASSETCATALOG_COMPILER_GENERATE_SWIFT_ASSET_SYMBOL_EXTENSIONS = YES;
				CLANG_ANALYZER_NONNULL = YES;
				CLANG_ANALYZER_NUMBER_OBJECT_CONVERSION = YES_AGGRESSIVE;
				CLANG_CXX_LANGUAGE_STANDARD = "gnu++20";
				CLANG_ENABLE_MODULES = YES;
				CLANG_ENABLE_OBJC_ARC = YES;
				CLANG_ENABLE_OBJC_WEAK = YES;
				CLANG_WARN_BLOCK_CAPTURE_AUTORELEASING = YES;
				CLANG_WARN_BOOL_CONVERSION = YES;
				CLANG_WARN_COMMA = YES;
				CLANG_WARN_CONSTANT_CONVERSION = YES;
				CLANG_WARN_DEPRECATED_OBJC_IMPLEMENTATIONS = YES;
				CLANG_WARN_DIRECT_OBJC_ISA_USAGE = YES_ERROR;
				CLANG_WARN_DOCUMENTATION_COMMENTS = YES;
				CLANG_WARN_EMPTY_BODY = YES;
				CLANG_WARN_ENUM_CONVERSION = YES;
				CLANG_WARN_INFINITE_RECURSION = YES;
				CLANG_WARN_INT_CONVERSION = YES;
				CLANG_WARN_NON_LITERAL_NULL_CONVERSION = YES;
				CLANG_WARN_OBJC_IMPLICIT_RETAIN_SELF = YES;
				CLANG_WARN_OBJC_LITERAL_CONVERSION = YES;
				CLANG_WARN_OBJC_ROOT_CLASS = YES_ERROR;
				CLANG_WARN_QUOTED_INCLUDE_IN_FRAMEWORK_HEADER = YES;
				CLANG_WARN_RANGE_LOOP_ANALYSIS = YES;
				CLANG_WARN_STRICT_PROTOTYPES = YES;
				CLANG_WARN_SUSPICIOUS_MOVE = YES;
				CLANG_WARN_UNGUARDED_AVAILABILITY = YES_AGGRESSIVE;
				CLANG_WARN_UNREACHABLE_CODE = YES;
				CLANG_WARN__DUPLICATE_METHOD_MATCH = YES;
				COPY_PHASE_STRIP = NO;
				DEBUG_INFORMATION_FORMAT = dwarf;
				DEVELOPMENT_TEAM = 87M7TK5K4U;
				ENABLE_STRICT_OBJC_MSGSEND = YES;
				ENABLE_TESTABILITY = YES;
				ENABLE_USER_SCRIPT_SANDBOXING = YES;
				GCC_C_LANGUAGE_STANDARD = gnu17;
				GCC_DYNAMIC_NO_PIC = NO;
				GCC_NO_COMMON_BLOCKS = YES;
				GCC_OPTIMIZATION_LEVEL = 0;
				GCC_PREPROCESSOR_DEFINITIONS = (
					"DEBUG=1",
					"$(inherited)",
				);
				GCC_WARN_64_TO_32_BIT_CONVERSION = YES;
				GCC_WARN_ABOUT_RETURN_TYPE = YES_ERROR;
				GCC_WARN_UNDECLARED_SELECTOR = YES;
				GCC_WARN_UNINITIALIZED_AUTOS = YES_AGGRESSIVE;
				GCC_WARN_UNUSED_FUNCTION = YES;
				GCC_WARN_UNUSED_VARIABLE = YES;
				IPHONEOS_DEPLOYMENT_TARGET = 26.2;
				LOCALIZATION_PREFERS_STRING_CATALOGS = YES;
				MTL_ENABLE_DEBUG_INFO = INCLUDE_SOURCE;
				MTL_FAST_MATH = YES;
				ONLY_ACTIVE_ARCH = YES;
				SDKROOT = iphoneos;
				SWIFT_ACTIVE_COMPILATION_CONDITIONS = "DEBUG $(inherited)";
				SWIFT_OPTIMIZATION_LEVEL = "-Onone";
			};
			name = Debug;
		};
		04C9B9862F53F87500D427FA /* Release */ = {
			isa = XCBuildConfiguration;
			buildSettings = {
				ALWAYS_SEARCH_USER_PATHS = NO;
				ASSETCATALOG_COMPILER_GENERATE_SWIFT_ASSET_SYMBOL_EXTENSIONS = YES;
				CLANG_ANALYZER_NONNULL = YES;
				CLANG_ANALYZER_NUMBER_OBJECT_CONVERSION = YES_AGGRESSIVE;
				CLANG_CXX_LANGUAGE_STANDARD = "gnu++20";
				CLANG_ENABLE_MODULES = YES;
				CLANG_ENABLE_OBJC_ARC = YES;
				CLANG_ENABLE_OBJC_WEAK = YES;
				CLANG_WARN_BLOCK_CAPTURE_AUTORELEASING = YES;
				CLANG_WARN_BOOL_CONVERSION = YES;
				CLANG_WARN_COMMA = YES;
				CLANG_WARN_CONSTANT_CONVERSION = YES;
				CLANG_WARN_DEPRECATED_OBJC_IMPLEMENTATIONS = YES;
				CLANG_WARN_DIRECT_OBJC_ISA_USAGE = YES_ERROR;
				CLANG_WARN_DOCUMENTATION_COMMENTS = YES;
				CLANG_WARN_EMPTY_BODY = YES;
				CLANG_WARN_ENUM_CONVERSION = YES;
				CLANG_WARN_INFINITE_RECURSION = YES;
				CLANG_WARN_INT_CONVERSION = YES;
				CLANG_WARN_NON_LITERAL_NULL_CONVERSION = YES;
				CLANG_WARN_OBJC_IMPLICIT_RETAIN_SELF = YES;
				CLANG_WARN_OBJC_LITERAL_CONVERSION = YES;
				CLANG_WARN_OBJC_ROOT_CLASS = YES_ERROR;
				CLANG_WARN_QUOTED_INCLUDE_IN_FRAMEWORK_HEADER = YES;
				CLANG_WARN_RANGE_LOOP_ANALYSIS = YES;
				CLANG_WARN_STRICT_PROTOTYPES = YES;
				CLANG_WARN_SUSPICIOUS_MOVE = YES;
				CLANG_WARN_UNGUARDED_AVAILABILITY = YES_AGGRESSIVE;
				CLANG_WARN_UNREACHABLE_CODE = YES;
				CLANG_WARN__DUPLICATE_METHOD_MATCH = YES;
				COPY_PHASE_STRIP = NO;
				DEBUG_INFORMATION_FORMAT = "dwarf-with-dsym";
				DEVELOPMENT_TEAM = 87M7TK5K4U;
				ENABLE_NS_ASSERTIONS = NO;
				ENABLE_STRICT_OBJC_MSGSEND = YES;
				ENABLE_USER_SCRIPT_SANDBOXING = YES;
				GCC_C_LANGUAGE_STANDARD = gnu17;
				GCC_NO_COMMON_BLOCKS = YES;
				GCC_WARN_64_TO_32_BIT_CONVERSION = YES;
				GCC_WARN_ABOUT_RETURN_TYPE = YES_ERROR;
				GCC_WARN_UNDECLARED_SELECTOR = YES;
				GCC_WARN_UNINITIALIZED_AUTOS = YES_AGGRESSIVE;
				GCC_WARN_UNUSED_FUNCTION = YES;
				GCC_WARN_UNUSED_VARIABLE = YES;
				IPHONEOS_DEPLOYMENT_TARGET = 26.2;
				LOCALIZATION_PREFERS_STRING_CATALOGS = YES;
				MTL_ENABLE_DEBUG_INFO = NO;
				MTL_FAST_MATH = YES;
				SDKROOT = iphoneos;
				SWIFT_COMPILATION_MODE = wholemodule;
				VALIDATE_PRODUCT = YES;
			};
			name = Release;
		};
/* End XCBuildConfiguration section */

/* Begin XCConfigurationList section */
		04C9B96A2F53F87500D427FA /* Build configuration list for PBXProject "HarshChatApp" */ = {
			isa = XCConfigurationList;
			buildConfigurations = (
				04C9B9852F53F87500D427FA /* Debug */,
				04C9B9862F53F87500D427FA /* Release */,
			);
			defaultConfigurationIsVisible = 0;
			defaultConfigurationName = Release;
		};
		04C9B9822F53F87500D427FA /* Build configuration list for PBXNativeTarget "HarshChatApp" */ = {
			isa = XCConfigurationList;
			buildConfigurations = (
				04C9B9832F53F87500D427FA /* Debug */,
				04C9B9842F53F87500D427FA /* Release */,
			);
			defaultConfigurationIsVisible = 0;
			defaultConfigurationName = Release;
		};
/* End XCConfigurationList section */

/* Begin XCRemoteSwiftPackageReference section */
		04C9B9892F53FB4A00D427FA /* XCRemoteSwiftPackageReference "firebase-ios-sdk" */ = {
			isa = XCRemoteSwiftPackageReference;
			repositoryURL = "https://github.com/firebase/firebase-ios-sdk";
			requirement = {
				kind = upToNextMajorVersion;
				minimumVersion = 12.10.0;
			};
		};
/* End XCRemoteSwiftPackageReference section */

/* Begin XCSwiftPackageProductDependency section */
		04C9B98A2F53FB4A00D427FA /* FirebaseAnalytics */ = {
			isa = XCSwiftPackageProductDependency;
			package = 04C9B9892F53FB4A00D427FA /* XCRemoteSwiftPackageReference "firebase-ios-sdk" */;
			productName = FirebaseAnalytics;
		};
		04C9B98C2F53FB4A00D427FA /* FirebaseAuth */ = {
			isa = XCSwiftPackageProductDependency;
			package = 04C9B9892F53FB4A00D427FA /* XCRemoteSwiftPackageReference "firebase-ios-sdk" */;
			productName = FirebaseAuth;
		};
		04C9B98E2F53FB4A00D427FA /* FirebaseDatabase */ = {
			isa = XCSwiftPackageProductDependency;
			package = 04C9B9892F53FB4A00D427FA /* XCRemoteSwiftPackageReference "firebase-ios-sdk" */;
			productName = FirebaseDatabase;
		};
		04C9B9902F53FB4A00D427FA /* FirebaseFirestore */ = {
			isa = XCSwiftPackageProductDependency;
			package = 04C9B9892F53FB4A00D427FA /* XCRemoteSwiftPackageReference "firebase-ios-sdk" */;
			productName = FirebaseFirestore;
		};
		04C9B9922F53FB4A00D427FA /* FirebaseRemoteConfig */ = {
			isa = XCSwiftPackageProductDependency;
			package = 04C9B9892F53FB4A00D427FA /* XCRemoteSwiftPackageReference "firebase-ios-sdk" */;
			productName = FirebaseRemoteConfig;
		};
		04C9B9942F53FB4A00D427FA /* FirebaseStorage */ = {
			isa = XCSwiftPackageProductDependency;
			package = 04C9B9892F53FB4A00D427FA /* XCRemoteSwiftPackageReference "firebase-ios-sdk" */;
			productName = FirebaseStorage;
		};
/* End XCSwiftPackageProductDependency section */
	};
	rootObject = 04C9B9672F53F87500D427FA /* Project object */;
}
